{
  "nodes": {
    "nixpkgs": {
      "locked": {
        "lastModified": 1716807034,
        "narHash": "sha256-AQwfMBtC8tiDZHEgLssOU4qUiRhC2nO+YdxAvZXeW7o=",
        "owner": "nixos",
        "repo": "nixpkgs",
        "rev": "e751fce87c5d9a8c9375b59d5b508a34a76b5623",
        "type": "github"
      },
      "original": {
        "owner": "nixos",
        "repo": "nixpkgs",
        "type": "github"
      }
    },
    "root": {
      "inputs": {
        "nixpkgs": "nixpkgs"
      }
    }
  },
  "root": "root",
  "version": 7
}
